
Microsoft Visual Studio Solution File, Format Version 12.00
# Visual Studio Version 16
VisualStudioVersion = 16.0.36422.26
MinimumVisualStudioVersion = 10.0.40219.1
Project("{8BC9CEB8-8B4A-11D0-8D11-00A0C91BC942}") = "PZ01", "PZ01\PZ01.vcxproj", "{8086BCC9-3934-46A3-BB12-7FA5E33EC1D7}"
EndProject
Global
	GlobalSection(SolutionConfigurationPlatforms) = preSolution
		Debug|x64 = Debug|x64
		Debug|x86 = Debug|x86
		Release|x64 = Release|x64
		Release|x86 = Release|x86
	EndGlobalSection
	GlobalSection(ProjectConfigurationPlatforms) = postSolution
		{8086BCC9-3934-46A3-BB12-7FA5E33EC1D7}.Debug|x64.ActiveCfg = Debug|x64
		{8086BCC9-3934-46A3-BB12-7FA5E33EC1D7}.Debug|x64.Build.0 = Debug|x64
		{8086BCC9-3934-46A3-BB12-7FA5E33EC1D7}.Debug|x86.ActiveCfg = Debug|Win32
		{8086BCC9-3934-46A3-BB12-7FA5E33EC1D7}.Debug|x86.Build.0 = Debug|Win32
		{8086BCC9-3934-46A3-BB12-7FA5E33EC1D7}.Release|x64.ActiveCfg = Release|x64
		{8086BCC9-3934-46A3-BB12-7FA5E33EC1D7}.Release|x64.Build.0 = Release|x64
		{8086BCC9-3934-46A3-BB12-7FA5E33EC1D7}.Release|x86.ActiveCfg = Release|Win32
		{8086BCC9-3934-46A3-BB12-7FA5E33EC1D7}.Release|x86.Build.0 = Release|Win32
	EndGlobalSection
	GlobalSection(SolutionProperties) = preSolution
		HideSolutionNode = FALSE
	EndGlobalSection
	GlobalSection(ExtensibilityGlobals) = postSolution
		SolutionGuid = {5AF9C70B-E45C-4052-A923-CD8A16F5019B}
	EndGlobalSection
EndGlobal
